
Microsoft Visual Studio Solution File, Format Version 12.00
# Visual Studio Version 17
VisualStudioVersion = 17.7.34024.191
MinimumVisualStudioVersion = 10.0.40219.1
Project("{8BC9CEB8-8B4A-11D0-8D11-00A0C91BC942}") = "Lab1", "Lab1\Lab1.vcxproj", "{1FF9ACB7-7838-4F7C-9BDE-157381672ED6}"
EndProject
Project("{8BC9CEB8-8B4A-11D0-8D11-00A0C91BC942}") = "Lab2", "Lab2\Lab2.vcxproj", "{0092B2FC-87EC-44FF-930E-747DADE61360}"
EndProject
Project("{8BC9CEB8-8B4A-11D0-8D11-00A0C91BC942}") = "Lab3", "Lab3\Lab3.vcxproj", "{6E38315F-0CF6-460E-9D1E-7FA2F3CBA8C0}"
EndProject
Project("{8BC9CEB8-8B4A-11D0-8D11-00A0C91BC942}") = "Lab4", "Lab4\Lab4.vcxproj", "{BE202749-B875-4BA8-835B-D935FBFCD43C}"
EndProject
Global
	GlobalSection(SolutionConfigurationPlatforms) = preSolution
		Debug|x64 = Debug|x64
		Debug|x86 = Debug|x86
		Release|x64 = Release|x64
		Release|x86 = Release|x86
	EndGlobalSection
	GlobalSection(ProjectConfigurationPlatforms) = postSolution
		{1FF9ACB7-7838-4F7C-9BDE-157381672ED6}.Debug|x64.ActiveCfg = Debug|x64
		{1FF9ACB7-7838-4F7C-9BDE-157381672ED6}.Debug|x64.Build.0 = Debug|x64
		{1FF9ACB7-7838-4F7C-9BDE-157381672ED6}.Debug|x86.ActiveCfg = Debug|Win32
		{1FF9ACB7-7838-4F7C-9BDE-157381672ED6}.Debug|x86.Build.0 = Debug|Win32
		{1FF9ACB7-7838-4F7C-9BDE-157381672ED6}.Release|x64.ActiveCfg = Release|x64
		{1FF9ACB7-7838-4F7C-9BDE-157381672ED6}.Release|x64.Build.0 = Release|x64
		{1FF9ACB7-7838-4F7C-9BDE-157381672ED6}.Release|x86.ActiveCfg = Release|Win32
		{1FF9ACB7-7838-4F7C-9BDE-157381672ED6}.Release|x86.Build.0 = Release|Win32
		{0092B2FC-87EC-44FF-930E-747DADE61360}.Debug|x64.ActiveCfg = Debug|x64
		{0092B2FC-87EC-44FF-930E-747DADE61360}.Debug|x64.Build.0 = Debug|x64
		{0092B2FC-87EC-44FF-930E-747DADE61360}.Debug|x86.ActiveCfg = Debug|Win32
		{0092B2FC-87EC-44FF-930E-747DADE61360}.Debug|x86.Build.0 = Debug|Win32
		{0092B2FC-87EC-44FF-930E-747DADE61360}.Release|x64.ActiveCfg = Release|x64
		{0092B2FC-87EC-44FF-930E-747DADE61360}.Release|x64.Build.0 = Release|x64
		{0092B2FC-87EC-44FF-930E-747DADE61360}.Release|x86.ActiveCfg = Release|Win32
		{0092B2FC-87EC-44FF-930E-747DADE61360}.Release|x86.Build.0 = Release|Win32
		{6E38315F-0CF6-460E-9D1E-7FA2F3CBA8C0}.Debug|x64.ActiveCfg = Debug|x64
		{6E38315F-0CF6-460E-9D1E-7FA2F3CBA8C0}.Debug|x64.Build.0 = Debug|x64
		{6E38315F-0CF6-460E-9D1E-7FA2F3CBA8C0}.Debug|x86.ActiveCfg = Debug|Win32
		{6E38315F-0CF6-460E-9D1E-7FA2F3CBA8C0}.Debug|x86.Build.0 = Debug|Win32
		{6E38315F-0CF6-460E-9D1E-7FA2F3CBA8C0}.Release|x64.ActiveCfg = Release|x64
		{6E38315F-0CF6-460E-9D1E-7FA2F3CBA8C0}.Release|x64.Build.0 = Release|x64
		{6E38315F-0CF6-460E-9D1E-7FA2F3CBA8C0}.Release|x86.ActiveCfg = Release|Win32
		{6E38315F-0CF6-460E-9D1E-7FA2F3CBA8C0}.Release|x86.Build.0 = Release|Win32
		{BE202749-B875-4BA8-835B-D935FBFCD43C}.Debug|x64.ActiveCfg = Debug|x64
		{BE202749-B875-4BA8-835B-D935FBFCD43C}.Debug|x64.Build.0 = Debug|x64
		{BE202749-B875-4BA8-835B-D935FBFCD43C}.Debug|x86.ActiveCfg = Debug|Win32
		{BE202749-B875-4BA8-835B-D935FBFCD43C}.Debug|x86.Build.0 = Debug|Win32
		{BE202749-B875-4BA8-835B-D935FBFCD43C}.Release|x64.ActiveCfg = Release|x64
		{BE202749-B875-4BA8-835B-D935FBFCD43C}.Release|x64.Build.0 = Release|x64
		{BE202749-B875-4BA8-835B-D935FBFCD43C}.Release|x86.ActiveCfg = Release|Win32
		{BE202749-B875-4BA8-835B-D935FBFCD43C}.Release|x86.Build.0 = Release|Win32
	EndGlobalSection
	GlobalSection(SolutionProperties) = preSolution
		HideSolutionNode = FALSE
	EndGlobalSection
	GlobalSection(ExtensibilityGlobals) = postSolution
		SolutionGuid = {A8DF5C62-6E6C-47F6-A879-BD4690F7C3C1}
	EndGlobalSection
EndGlobal
